
Microsoft Visual Studio Solution File, Format Version 12.00
# Visual Studio Version 16
VisualStudioVersion = 16.0.33328.57
MinimumVisualStudioVersion = 10.0.40219.1
Project("{FAE04EC0-301F-11D3-BF4B-00C04F79EFBC}") = "DataAccess", "DataAccess\DataAccess.csproj", "{D407D7B5-2C82-475D-AC94-F55FD45EB9B8}"
EndProject
Global
	GlobalSection(SolutionConfigurationPlatforms) = preSolution
		Debug|Any CPU = Debug|Any CPU
		Release|Any CPU = Release|Any CPU
	EndGlobalSection
	GlobalSection(ProjectConfigurationPlatforms) = postSolution
		{D407D7B5-2C82-475D-AC94-F55FD45EB9B8}.Debug|Any CPU.ActiveCfg = Debug|Any CPU
		{D407D7B5-2C82-475D-AC94-F55FD45EB9B8}.Debug|Any CPU.Build.0 = Debug|Any CPU
		{D407D7B5-2C82-475D-AC94-F55FD45EB9B8}.Release|Any CPU.ActiveCfg = Release|Any CPU
		{D407D7B5-2C82-475D-AC94-F55FD45EB9B8}.Release|Any CPU.Build.0 = Release|Any CPU
	EndGlobalSection
	GlobalSection(SolutionProperties) = preSolution
		HideSolutionNode = FALSE
	EndGlobalSection
	GlobalSection(ExtensibilityGlobals) = postSolution
		SolutionGuid = {3B0E5A8E-31C2-466C-A5CF-319D3E0E0CE9}
	EndGlobalSection
EndGlobal
