
Microsoft Visual Studio Solution File, Format Version 12.00
# Visual Studio Version 16
VisualStudioVersion = 16.0.33328.57
MinimumVisualStudioVersion = 10.0.40219.1
Project("{9A19103F-16F7-4668-BE54-9A1E7A4F7556}") = "Business", "Business\Business.csproj", "{8AC9AA09-CE5B-47A9-B4CD-95C3B25D21EB}"
EndProject
Project("{9A19103F-16F7-4668-BE54-9A1E7A4F7556}") = "Entities", "Entities\Entities.csproj", "{386688AA-C9F9-41D3-B972-BABCE12A76CA}"
EndProject
Project("{9A19103F-16F7-4668-BE54-9A1E7A4F7556}") = "ConsoleUI", "ConsoleUI\ConsoleUI.csproj", "{35640CB0-03BF-41E5-BFF4-13F60EDAAE5A}"
EndProject
Project("{9A19103F-16F7-4668-BE54-9A1E7A4F7556}") = "DataAccess", "DataAccess\DataAccess.csproj", "{126CAEA6-9E84-4172-A604-9E6C15943F8B}"
EndProject
Project("{9A19103F-16F7-4668-BE54-9A1E7A4F7556}") = "Core", "Core\Core.csproj", "{FDFBC063-69ED-40BD-84F3-DCD3C3741E5B}"
EndProject
Project("{FAE04EC0-301F-11D3-BF4B-00C04F79EFBC}") = "WebAPI", "WebAPI\WebAPI.csproj", "{84C07509-5EFD-4001-AD46-3CEEF187A5FA}"
EndProject
Global
	GlobalSection(SolutionConfigurationPlatforms) = preSolution
		Debug|Any CPU = Debug|Any CPU
		Release|Any CPU = Release|Any CPU
	EndGlobalSection
	GlobalSection(ProjectConfigurationPlatforms) = postSolution
		{8AC9AA09-CE5B-47A9-B4CD-95C3B25D21EB}.Debug|Any CPU.ActiveCfg = Debug|Any CPU
		{8AC9AA09-CE5B-47A9-B4CD-95C3B25D21EB}.Debug|Any CPU.Build.0 = Debug|Any CPU
		{8AC9AA09-CE5B-47A9-B4CD-95C3B25D21EB}.Release|Any CPU.ActiveCfg = Release|Any CPU
		{8AC9AA09-CE5B-47A9-B4CD-95C3B25D21EB}.Release|Any CPU.Build.0 = Release|Any CPU
		{386688AA-C9F9-41D3-B972-BABCE12A76CA}.Debug|Any CPU.ActiveCfg = Debug|Any CPU
		{386688AA-C9F9-41D3-B972-BABCE12A76CA}.Debug|Any CPU.Build.0 = Debug|Any CPU
		{386688AA-C9F9-41D3-B972-BABCE12A76CA}.Release|Any CPU.ActiveCfg = Release|Any CPU
		{386688AA-C9F9-41D3-B972-BABCE12A76CA}.Release|Any CPU.Build.0 = Release|Any CPU
		{35640CB0-03BF-41E5-BFF4-13F60EDAAE5A}.Debug|Any CPU.ActiveCfg = Debug|Any CPU
		{35640CB0-03BF-41E5-BFF4-13F60EDAAE5A}.Debug|Any CPU.Build.0 = Debug|Any CPU
		{35640CB0-03BF-41E5-BFF4-13F60EDAAE5A}.Release|Any CPU.ActiveCfg = Release|Any CPU
		{35640CB0-03BF-41E5-BFF4-13F60EDAAE5A}.Release|Any CPU.Build.0 = Release|Any CPU
		{126CAEA6-9E84-4172-A604-9E6C15943F8B}.Debug|Any CPU.ActiveCfg = Debug|Any CPU
		{126CAEA6-9E84-4172-A604-9E6C15943F8B}.Debug|Any CPU.Build.0 = Debug|Any CPU
		{126CAEA6-9E84-4172-A604-9E6C15943F8B}.Release|Any CPU.ActiveCfg = Release|Any CPU
		{126CAEA6-9E84-4172-A604-9E6C15943F8B}.Release|Any CPU.Build.0 = Release|Any CPU
		{FDFBC063-69ED-40BD-84F3-DCD3C3741E5B}.Debug|Any CPU.ActiveCfg = Debug|Any CPU
		{FDFBC063-69ED-40BD-84F3-DCD3C3741E5B}.Debug|Any CPU.Build.0 = Debug|Any CPU
		{FDFBC063-69ED-40BD-84F3-DCD3C3741E5B}.Release|Any CPU.ActiveCfg = Release|Any CPU
		{FDFBC063-69ED-40BD-84F3-DCD3C3741E5B}.Release|Any CPU.Build.0 = Release|Any CPU
		{84C07509-5EFD-4001-AD46-3CEEF187A5FA}.Debug|Any CPU.ActiveCfg = Debug|Any CPU
		{84C07509-5EFD-4001-AD46-3CEEF187A5FA}.Debug|Any CPU.Build.0 = Debug|Any CPU
		{84C07509-5EFD-4001-AD46-3CEEF187A5FA}.Release|Any CPU.ActiveCfg = Release|Any CPU
		{84C07509-5EFD-4001-AD46-3CEEF187A5FA}.Release|Any CPU.Build.0 = Release|Any CPU
	EndGlobalSection
	GlobalSection(SolutionProperties) = preSolution
		HideSolutionNode = FALSE
	EndGlobalSection
	GlobalSection(ExtensibilityGlobals) = postSolution
		SolutionGuid = {3B0E5A8E-31C2-466C-A5CF-319D3E0E0CE9}
	EndGlobalSection
EndGlobal
